
Microsoft Visual Studio Solution File, Format Version 12.00
# Visual Studio Version 17
VisualStudioVersion = 17.13.35818.85 d17.13
MinimumVisualStudioVersion = 10.0.40219.1
Project("{888888A0-9F3D-457C-B088-3A5042F75D52}") = "multi_game_bot", "multi_game_bot.pyproj", "{8E889751-71C6-4C8F-BFE8-8EA260FF1A1E}"
EndProject
Global
	GlobalSection(SolutionConfigurationPlatforms) = preSolution
		Debug|Any CPU = Debug|Any CPU
		Release|Any CPU = Release|Any CPU
	EndGlobalSection
	GlobalSection(ProjectConfigurationPlatforms) = postSolution
		{8E889751-71C6-4C8F-BFE8-8EA260FF1A1E}.Debug|Any CPU.ActiveCfg = Debug|Any CPU
		{8E889751-71C6-4C8F-BFE8-8EA260FF1A1E}.Release|Any CPU.ActiveCfg = Release|Any CPU
	EndGlobalSection
	GlobalSection(SolutionProperties) = preSolution
		HideSolutionNode = FALSE
	EndGlobalSection
	GlobalSection(ExtensibilityGlobals) = postSolution
		SolutionGuid = {D22942A2-D9AA-4F11-B24B-8ED99449D9EB}
	EndGlobalSection
EndGlobal
